
Microsoft Visual Studio Solution File, Format Version 12.00
# Visual Studio Version 17
VisualStudioVersion = 17.4.33103.184
MinimumVisualStudioVersion = 10.0.40219.1
Project("{FAE04EC0-301F-11D3-BF4B-00C04F79EFBC}") = "collectionsDemo", "collectionsDemo\collectionsDemo.csproj", "{6AD51E0B-7895-4047-ACC6-33392B726D62}"
EndProject
Global
	GlobalSection(SolutionConfigurationPlatforms) = preSolution
		Debug|Any CPU = Debug|Any CPU
		Release|Any CPU = Release|Any CPU
	EndGlobalSection
	GlobalSection(ProjectConfigurationPlatforms) = postSolution
		{6AD51E0B-7895-4047-ACC6-33392B726D62}.Debug|Any CPU.ActiveCfg = Debug|Any CPU
		{6AD51E0B-7895-4047-ACC6-33392B726D62}.Debug|Any CPU.Build.0 = Debug|Any CPU
		{6AD51E0B-7895-4047-ACC6-33392B726D62}.Release|Any CPU.ActiveCfg = Release|Any CPU
		{6AD51E0B-7895-4047-ACC6-33392B726D62}.Release|Any CPU.Build.0 = Release|Any CPU
	EndGlobalSection
	GlobalSection(SolutionProperties) = preSolution
		HideSolutionNode = FALSE
	EndGlobalSection
	GlobalSection(ExtensibilityGlobals) = postSolution
		SolutionGuid = {4C4C77FF-08D9-4E3B-8D11-9A97B6F7EBF2}
	EndGlobalSection
EndGlobal
